
Microsoft Visual Studio Solution File, Format Version 12.00
# Visual Studio Version 17
VisualStudioVersion = 17.11.35327.3
MinimumVisualStudioVersion = 10.0.40219.1
Project("{FAE04EC0-301F-11D3-BF4B-00C04F79EFBC}") = "OrientacaoObjetos", "OrientacaoObjetos\OrientacaoObjetos.csproj", "{D5B052FB-8DB8-4572-A425-35E8566EEB49}"
EndProject
Global
	GlobalSection(SolutionConfigurationPlatforms) = preSolution
		Debug|Any CPU = Debug|Any CPU
		Release|Any CPU = Release|Any CPU
	EndGlobalSection
	GlobalSection(ProjectConfigurationPlatforms) = postSolution
		{D5B052FB-8DB8-4572-A425-35E8566EEB49}.Debug|Any CPU.ActiveCfg = Debug|Any CPU
		{D5B052FB-8DB8-4572-A425-35E8566EEB49}.Debug|Any CPU.Build.0 = Debug|Any CPU
		{D5B052FB-8DB8-4572-A425-35E8566EEB49}.Release|Any CPU.ActiveCfg = Release|Any CPU
		{D5B052FB-8DB8-4572-A425-35E8566EEB49}.Release|Any CPU.Build.0 = Release|Any CPU
	EndGlobalSection
	GlobalSection(SolutionProperties) = preSolution
		HideSolutionNode = FALSE
	EndGlobalSection
	GlobalSection(ExtensibilityGlobals) = postSolution
		SolutionGuid = {BB1DC59F-64F9-4413-9F39-FD19DF5B556C}
	EndGlobalSection
EndGlobal
